
Microsoft Visual Studio Solution File, Format Version 12.00
# Visual Studio Version 16
VisualStudioVersion = 16.0.29509.3
MinimumVisualStudioVersion = 10.0.40219.1
Project("{FAE04EC0-301F-11D3-BF4B-00C04F79EFBC}") = "CGLab5", "CGLab5\CGLab5.csproj", "{270216A2-15DF-42C4-9C1E-51B9A6E07BA5}"
EndProject
Global
	GlobalSection(SolutionConfigurationPlatforms) = preSolution
		Debug|Any CPU = Debug|Any CPU
		Release|Any CPU = Release|Any CPU
	EndGlobalSection
	GlobalSection(ProjectConfigurationPlatforms) = postSolution
		{270216A2-15DF-42C4-9C1E-51B9A6E07BA5}.Debug|Any CPU.ActiveCfg = Debug|Any CPU
		{270216A2-15DF-42C4-9C1E-51B9A6E07BA5}.Debug|Any CPU.Build.0 = Debug|Any CPU
		{270216A2-15DF-42C4-9C1E-51B9A6E07BA5}.Release|Any CPU.ActiveCfg = Release|Any CPU
		{270216A2-15DF-42C4-9C1E-51B9A6E07BA5}.Release|Any CPU.Build.0 = Release|Any CPU
	EndGlobalSection
	GlobalSection(SolutionProperties) = preSolution
		HideSolutionNode = FALSE
	EndGlobalSection
	GlobalSection(ExtensibilityGlobals) = postSolution
		SolutionGuid = {8B1C2EFA-654A-418D-A9EF-51696E9F94E9}
	EndGlobalSection
EndGlobal
